
Microsoft Visual Studio Solution File, Format Version 12.00
# Visual Studio Version 17
VisualStudioVersion = 17.0.31903.59
MinimumVisualStudioVersion = 10.0.40219.1
Project("{FAE04EC0-301F-11D3-BF4B-00C04F79EFBC}") = "WebApi", "WebApi\WebApi.csproj", "{E2745288-8E6F-42A7-92AB-A5C71FCBC54D}"
EndProject
Project("{2150E333-8FDC-42A3-9474-1A3956D46DE8}") = "Modules", "Modules", "{00606C98-4043-49CB-BCB8-CE277D8D1EC4}"
EndProject
Project("{FAE04EC0-301F-11D3-BF4B-00C04F79EFBC}") = "Boxty.ServerApp.Modules.Shared", "Modules\Shared\Boxty.ServerApp.Modules.Shared.csproj", "{9111D13C-CC69-4532-9025-A893F1E1ABBB}"
EndProject
Project("{2150E333-8FDC-42A3-9474-1A3956D46DE8}") = "UserManagement", "UserManagement", "{C85ACE71-FAF3-4F04-8554-2F6F4BF147C1}"
EndProject
Project("{FAE04EC0-301F-11D3-BF4B-00C04F79EFBC}") = "Boxty.ServerApp.Modules.UserManagement.Endpoints", "Modules\UserManagement\Endpoints\Boxty.ServerApp.Modules.UserManagement.Endpoints.csproj", "{1F36FCC8-2220-4F4A-9E58-44923113DCDC}"
EndProject
Project("{FAE04EC0-301F-11D3-BF4B-00C04F79EFBC}") = "Boxty.ServerApp.Modules.UserManagement.Services", "Modules\UserManagement\Services\Boxty.ServerApp.Modules.UserManagement.Services.csproj", "{12766C05-FB5F-4F26-A082-3C54744B4CBC}"
EndProject
Project("{FAE04EC0-301F-11D3-BF4B-00C04F79EFBC}") = "Boxty.ServerApp.Modules.UserManagement.Entities", "Modules\UserManagement\Entities\Boxty.ServerApp.Modules.UserManagement.Entities.csproj", "{A00DD682-DC02-4A63-A19D-EFBD23ACCDD4}"
EndProject
Project("{FAE04EC0-301F-11D3-BF4B-00C04F79EFBC}") = "Boxty.ServerApp.Modules.UserManagement.Infrastructure", "Modules\UserManagement\Infrastructure\Boxty.ServerApp.Modules.UserManagement.Infrastructure.csproj", "{A160C756-EF3A-446C-9C72-11112A034B48}"
EndProject
Project("{FAE04EC0-301F-11D3-BF4B-00C04F79EFBC}") = "Boxty.ServerApp.Modules.UserManagement.Application", "Modules\UserManagement\Application\Boxty.ServerApp.Modules.UserManagement.Application.csproj", "{28390F77-D2E0-4737-AF0C-959C4AEC940B}"
EndProject
Global
	GlobalSection(SolutionConfigurationPlatforms) = preSolution
		Debug|Any CPU = Debug|Any CPU
		Release|Any CPU = Release|Any CPU
	EndGlobalSection
	GlobalSection(ProjectConfigurationPlatforms) = postSolution
		{E2745288-8E6F-42A7-92AB-A5C71FCBC54D}.Debug|Any CPU.ActiveCfg = Debug|Any CPU
		{E2745288-8E6F-42A7-92AB-A5C71FCBC54D}.Debug|Any CPU.Build.0 = Debug|Any CPU
		{E2745288-8E6F-42A7-92AB-A5C71FCBC54D}.Release|Any CPU.ActiveCfg = Release|Any CPU
		{E2745288-8E6F-42A7-92AB-A5C71FCBC54D}.Release|Any CPU.Build.0 = Release|Any CPU
		{9111D13C-CC69-4532-9025-A893F1E1ABBB}.Debug|Any CPU.ActiveCfg = Debug|Any CPU
		{9111D13C-CC69-4532-9025-A893F1E1ABBB}.Debug|Any CPU.Build.0 = Debug|Any CPU
		{9111D13C-CC69-4532-9025-A893F1E1ABBB}.Release|Any CPU.ActiveCfg = Release|Any CPU
		{9111D13C-CC69-4532-9025-A893F1E1ABBB}.Release|Any CPU.Build.0 = Release|Any CPU
		{1F36FCC8-2220-4F4A-9E58-44923113DCDC}.Debug|Any CPU.ActiveCfg = Debug|Any CPU
		{1F36FCC8-2220-4F4A-9E58-44923113DCDC}.Debug|Any CPU.Build.0 = Debug|Any CPU
		{1F36FCC8-2220-4F4A-9E58-44923113DCDC}.Release|Any CPU.ActiveCfg = Release|Any CPU
		{1F36FCC8-2220-4F4A-9E58-44923113DCDC}.Release|Any CPU.Build.0 = Release|Any CPU
		{12766C05-FB5F-4F26-A082-3C54744B4CBC}.Debug|Any CPU.ActiveCfg = Debug|Any CPU
		{12766C05-FB5F-4F26-A082-3C54744B4CBC}.Debug|Any CPU.Build.0 = Debug|Any CPU
		{12766C05-FB5F-4F26-A082-3C54744B4CBC}.Release|Any CPU.ActiveCfg = Release|Any CPU
		{12766C05-FB5F-4F26-A082-3C54744B4CBC}.Release|Any CPU.Build.0 = Release|Any CPU
		{A00DD682-DC02-4A63-A19D-EFBD23ACCDD4}.Debug|Any CPU.ActiveCfg = Debug|Any CPU
		{A00DD682-DC02-4A63-A19D-EFBD23ACCDD4}.Debug|Any CPU.Build.0 = Debug|Any CPU
		{A00DD682-DC02-4A63-A19D-EFBD23ACCDD4}.Release|Any CPU.ActiveCfg = Release|Any CPU
		{A00DD682-DC02-4A63-A19D-EFBD23ACCDD4}.Release|Any CPU.Build.0 = Release|Any CPU
		{A160C756-EF3A-446C-9C72-11112A034B48}.Debug|Any CPU.ActiveCfg = Debug|Any CPU
		{A160C756-EF3A-446C-9C72-11112A034B48}.Debug|Any CPU.Build.0 = Debug|Any CPU
		{A160C756-EF3A-446C-9C72-11112A034B48}.Release|Any CPU.ActiveCfg = Release|Any CPU
		{A160C756-EF3A-446C-9C72-11112A034B48}.Release|Any CPU.Build.0 = Release|Any CPU
		{28390F77-D2E0-4737-AF0C-959C4AEC940B}.Debug|Any CPU.ActiveCfg = Debug|Any CPU
		{28390F77-D2E0-4737-AF0C-959C4AEC940B}.Debug|Any CPU.Build.0 = Debug|Any CPU
		{28390F77-D2E0-4737-AF0C-959C4AEC940B}.Release|Any CPU.ActiveCfg = Release|Any CPU
		{28390F77-D2E0-4737-AF0C-959C4AEC940B}.Release|Any CPU.Build.0 = Release|Any CPU
	EndGlobalSection
	GlobalSection(SolutionProperties) = preSolution
		HideSolutionNode = FALSE
	EndGlobalSection
	GlobalSection(NestedProjects) = preSolution
		{9111D13C-CC69-4532-9025-A893F1E1ABBB} = {00606C98-4043-49CB-BCB8-CE277D8D1EC4}
		{C85ACE71-FAF3-4F04-8554-2F6F4BF147C1} = {00606C98-4043-49CB-BCB8-CE277D8D1EC4}
		{1F36FCC8-2220-4F4A-9E58-44923113DCDC} = {C85ACE71-FAF3-4F04-8554-2F6F4BF147C1}
		{12766C05-FB5F-4F26-A082-3C54744B4CBC} = {C85ACE71-FAF3-4F04-8554-2F6F4BF147C1}
		{A00DD682-DC02-4A63-A19D-EFBD23ACCDD4} = {C85ACE71-FAF3-4F04-8554-2F6F4BF147C1}
		{A160C756-EF3A-446C-9C72-11112A034B48} = {C85ACE71-FAF3-4F04-8554-2F6F4BF147C1}
		{28390F77-D2E0-4737-AF0C-959C4AEC940B} = {C85ACE71-FAF3-4F04-8554-2F6F4BF147C1}
	EndGlobalSection
EndGlobal
